
Microsoft Visual Studio Solution File, Format Version 12.00
# Visual Studio Version 16
VisualStudioVersion = 16.0.30523.141
MinimumVisualStudioVersion = 10.0.40219.1
Project("{FAE04EC0-301F-11D3-BF4B-00C04F79EFBC}") = "Inlämmingsuppgift_2", "Inlämmingsuppgift_2.csproj", "{C06E32C7-06F2-4BC3-A8C1-2B6BCE451574}"
EndProject
Global
	GlobalSection(SolutionConfigurationPlatforms) = preSolution
		Debug|Any CPU = Debug|Any CPU
		Release|Any CPU = Release|Any CPU
	EndGlobalSection
	GlobalSection(ProjectConfigurationPlatforms) = postSolution
		{C06E32C7-06F2-4BC3-A8C1-2B6BCE451574}.Debug|Any CPU.ActiveCfg = Debug|Any CPU
		{C06E32C7-06F2-4BC3-A8C1-2B6BCE451574}.Debug|Any CPU.Build.0 = Debug|Any CPU
		{C06E32C7-06F2-4BC3-A8C1-2B6BCE451574}.Release|Any CPU.ActiveCfg = Release|Any CPU
		{C06E32C7-06F2-4BC3-A8C1-2B6BCE451574}.Release|Any CPU.Build.0 = Release|Any CPU
	EndGlobalSection
	GlobalSection(SolutionProperties) = preSolution
		HideSolutionNode = FALSE
	EndGlobalSection
	GlobalSection(ExtensibilityGlobals) = postSolution
		SolutionGuid = {929B1254-4FA1-46DC-9C9A-324E4C85B33A}
	EndGlobalSection
EndGlobal
